
Microsoft Visual Studio Solution File, Format Version 12.00
# Visual Studio Version 17
VisualStudioVersion = 17.10.34928.147
MinimumVisualStudioVersion = 10.0.40219.1
Project("{FAE04EC0-301F-11D3-BF4B-00C04F79EFBC}") = "CBDDriver Demo", "CBDDriver Demo.csproj", "{6723A3B3-AF31-4A6A-9D2D-845E306D75B6}"
EndProject
Global
	GlobalSection(SolutionConfigurationPlatforms) = preSolution
		Debug|Any CPU = Debug|Any CPU
		Release|Any CPU = Release|Any CPU
	EndGlobalSection
	GlobalSection(ProjectConfigurationPlatforms) = postSolution
		{6723A3B3-AF31-4A6A-9D2D-845E306D75B6}.Debug|Any CPU.ActiveCfg = Debug|Any CPU
		{6723A3B3-AF31-4A6A-9D2D-845E306D75B6}.Debug|Any CPU.Build.0 = Debug|Any CPU
		{6723A3B3-AF31-4A6A-9D2D-845E306D75B6}.Release|Any CPU.ActiveCfg = Release|Any CPU
		{6723A3B3-AF31-4A6A-9D2D-845E306D75B6}.Release|Any CPU.Build.0 = Release|Any CPU
	EndGlobalSection
	GlobalSection(SolutionProperties) = preSolution
		HideSolutionNode = FALSE
	EndGlobalSection
	GlobalSection(ExtensibilityGlobals) = postSolution
		SolutionGuid = {C50154A9-18C2-4804-92B7-EE7D5BEFFA27}
	EndGlobalSection
EndGlobal
